
Microsoft Visual Studio Solution File, Format Version 12.00
# Visual Studio 15
VisualStudioVersion = 15.0.27703.2042
MinimumVisualStudioVersion = 10.0.40219.1
Project("{FAE04EC0-301F-11D3-BF4B-00C04F79EFBC}") = "ProjectClassLibrary", "ProjectClassLibrary\ProjectClassLibrary.csproj", "{D2F28945-5DA1-46C4-8ADD-C1F0E9085F6F}"
EndProject
Project("{FAE04EC0-301F-11D3-BF4B-00C04F79EFBC}") = "CustomerTestProject", "CustomerTestProject\CustomerTestProject.csproj", "{D310C7BD-BDD8-465E-B1E1-CBF0832CC193}"
EndProject
Project("{FAE04EC0-301F-11D3-BF4B-00C04F79EFBC}") = "ProuctTestProject", "ProuctTestProject\ProuctTestProject.csproj", "{894EE6D7-BA46-449E-84F2-127581811E8E}"
EndProject
Project("{FAE04EC0-301F-11D3-BF4B-00C04F79EFBC}") = "EmployeeTestProject", "EmployeeTestProject\EmployeeTestProject.csproj", "{A9D61A08-FB92-4FB5-BAE5-D9593926BFC3}"
EndProject
Global
	GlobalSection(SolutionConfigurationPlatforms) = preSolution
		Debug|Any CPU = Debug|Any CPU
		Release|Any CPU = Release|Any CPU
	EndGlobalSection
	GlobalSection(ProjectConfigurationPlatforms) = postSolution
		{D2F28945-5DA1-46C4-8ADD-C1F0E9085F6F}.Debug|Any CPU.ActiveCfg = Debug|Any CPU
		{D2F28945-5DA1-46C4-8ADD-C1F0E9085F6F}.Debug|Any CPU.Build.0 = Debug|Any CPU
		{D2F28945-5DA1-46C4-8ADD-C1F0E9085F6F}.Release|Any CPU.ActiveCfg = Release|Any CPU
		{D2F28945-5DA1-46C4-8ADD-C1F0E9085F6F}.Release|Any CPU.Build.0 = Release|Any CPU
		{D310C7BD-BDD8-465E-B1E1-CBF0832CC193}.Debug|Any CPU.ActiveCfg = Debug|Any CPU
		{D310C7BD-BDD8-465E-B1E1-CBF0832CC193}.Debug|Any CPU.Build.0 = Debug|Any CPU
		{D310C7BD-BDD8-465E-B1E1-CBF0832CC193}.Release|Any CPU.ActiveCfg = Release|Any CPU
		{D310C7BD-BDD8-465E-B1E1-CBF0832CC193}.Release|Any CPU.Build.0 = Release|Any CPU
		{894EE6D7-BA46-449E-84F2-127581811E8E}.Debug|Any CPU.ActiveCfg = Debug|Any CPU
		{894EE6D7-BA46-449E-84F2-127581811E8E}.Debug|Any CPU.Build.0 = Debug|Any CPU
		{894EE6D7-BA46-449E-84F2-127581811E8E}.Release|Any CPU.ActiveCfg = Release|Any CPU
		{894EE6D7-BA46-449E-84F2-127581811E8E}.Release|Any CPU.Build.0 = Release|Any CPU
		{A9D61A08-FB92-4FB5-BAE5-D9593926BFC3}.Debug|Any CPU.ActiveCfg = Debug|Any CPU
		{A9D61A08-FB92-4FB5-BAE5-D9593926BFC3}.Debug|Any CPU.Build.0 = Debug|Any CPU
		{A9D61A08-FB92-4FB5-BAE5-D9593926BFC3}.Release|Any CPU.ActiveCfg = Release|Any CPU
		{A9D61A08-FB92-4FB5-BAE5-D9593926BFC3}.Release|Any CPU.Build.0 = Release|Any CPU
	EndGlobalSection
	GlobalSection(SolutionProperties) = preSolution
		HideSolutionNode = FALSE
	EndGlobalSection
	GlobalSection(ExtensibilityGlobals) = postSolution
		SolutionGuid = {A01B8932-A3C1-4D64-A4F4-BBAE51FA415F}
	EndGlobalSection
EndGlobal
